
Microsoft Visual Studio Solution File, Format Version 12.00
# Visual Studio 15
VisualStudioVersion = 15.0.27130.2036
MinimumVisualStudioVersion = 10.0.40219.1
Project("{FAE04EC0-301F-11D3-BF4B-00C04F79EFBC}") = "WebApp", "WebApp\WebApp.csproj", "{DEBEA87A-A66C-4F8A-BD23-CE97F9B7B42D}"
EndProject
Global
	GlobalSection(SolutionConfigurationPlatforms) = preSolution
		Debug|Any CPU = Debug|Any CPU
		Release|Any CPU = Release|Any CPU
	EndGlobalSection
	GlobalSection(ProjectConfigurationPlatforms) = postSolution
		{DEBEA87A-A66C-4F8A-BD23-CE97F9B7B42D}.Debug|Any CPU.ActiveCfg = Debug|Any CPU
		{DEBEA87A-A66C-4F8A-BD23-CE97F9B7B42D}.Debug|Any CPU.Build.0 = Debug|Any CPU
		{DEBEA87A-A66C-4F8A-BD23-CE97F9B7B42D}.Release|Any CPU.ActiveCfg = Release|Any CPU
		{DEBEA87A-A66C-4F8A-BD23-CE97F9B7B42D}.Release|Any CPU.Build.0 = Release|Any CPU
	EndGlobalSection
	GlobalSection(SolutionProperties) = preSolution
		HideSolutionNode = FALSE
	EndGlobalSection
	GlobalSection(ExtensibilityGlobals) = postSolution
		SolutionGuid = {AE526EBB-B58D-47E5-AB8B-64C6403B302A}
	EndGlobalSection
EndGlobal
